# This file is autogenerated, do not edit; changes may be undone by the next 'dep ensure'.


[[projects]]
  branch = "master"
  digest = "1:c8a4516605b9d626912467f074b7fd2fcda2b9eb654bbdb55a3d62dc8baa0bc1"
  name = "github.com/mattn/go-xmpp"
  packages = ["."]
  pruneopts = "UT"
  revision = "6093f50721ed2204a87a81109ca5a466a5bec6c1"

[solve-meta]
  analyzer-name = "dep"
  analyzer-version = 1
  input-imports = ["github.com/mattn/go-xmpp"]
  solver-name = "gps-cdcl"
  solver-version = 1
